
Microsoft Visual Studio Solution File, Format Version 12.00
# Visual Studio Version 17
VisualStudioVersion = 17.6.33723.286
MinimumVisualStudioVersion = 10.0.40219.1
Project("{FAE04EC0-301F-11D3-BF4B-00C04F79EFBC}") = "Abstract_class", "Abstract_class\Abstract_class.csproj", "{C648531C-BB60-447F-9BA4-A2DE99B1C12C}"
EndProject
Global
	GlobalSection(SolutionConfigurationPlatforms) = preSolution
		Debug|Any CPU = Debug|Any CPU
		Release|Any CPU = Release|Any CPU
	EndGlobalSection
	GlobalSection(ProjectConfigurationPlatforms) = postSolution
		{C648531C-BB60-447F-9BA4-A2DE99B1C12C}.Debug|Any CPU.ActiveCfg = Debug|Any CPU
		{C648531C-BB60-447F-9BA4-A2DE99B1C12C}.Debug|Any CPU.Build.0 = Debug|Any CPU
		{C648531C-BB60-447F-9BA4-A2DE99B1C12C}.Release|Any CPU.ActiveCfg = Release|Any CPU
		{C648531C-BB60-447F-9BA4-A2DE99B1C12C}.Release|Any CPU.Build.0 = Release|Any CPU
	EndGlobalSection
	GlobalSection(SolutionProperties) = preSolution
		HideSolutionNode = FALSE
	EndGlobalSection
	GlobalSection(ExtensibilityGlobals) = postSolution
		SolutionGuid = {928334E4-F721-48BE-8169-C0E0610F1CA8}
	EndGlobalSection
EndGlobal
